
Microsoft Visual Studio Solution File, Format Version 12.00
# Visual Studio Version 16
VisualStudioVersion = 16.0.30413.136
MinimumVisualStudioVersion = 10.0.40219.1
Project("{FAE04EC0-301F-11D3-BF4B-00C04F79EFBC}") = "tradeus", "tradeus.csproj", "{71A20657-67FA-4562-80D4-1CFE831B84BE}"
EndProject
Global
	GlobalSection(SolutionConfigurationPlatforms) = preSolution
		Debug|Any CPU = Debug|Any CPU
		Release|Any CPU = Release|Any CPU
	EndGlobalSection
	GlobalSection(ProjectConfigurationPlatforms) = postSolution
		{71A20657-67FA-4562-80D4-1CFE831B84BE}.Debug|Any CPU.ActiveCfg = Debug|Any CPU
		{71A20657-67FA-4562-80D4-1CFE831B84BE}.Debug|Any CPU.Build.0 = Debug|Any CPU
		{71A20657-67FA-4562-80D4-1CFE831B84BE}.Release|Any CPU.ActiveCfg = Release|Any CPU
		{71A20657-67FA-4562-80D4-1CFE831B84BE}.Release|Any CPU.Build.0 = Release|Any CPU
	EndGlobalSection
	GlobalSection(SolutionProperties) = preSolution
		HideSolutionNode = FALSE
	EndGlobalSection
	GlobalSection(ExtensibilityGlobals) = postSolution
		SolutionGuid = {819690A1-49BD-4B0A-BD65-00E151087C84}
	EndGlobalSection
EndGlobal
